
Microsoft Visual Studio Solution File, Format Version 12.00
# Visual Studio Version 17
VisualStudioVersion = 17.1.32210.238
MinimumVisualStudioVersion = 10.0.40219.1
Project("{FAE04EC0-301F-11D3-BF4B-00C04F79EFBC}") = "ToursimManagementSystem", "ToursimManagementSystem\ToursimManagementSystem.csproj", "{50C46617-EDA2-4D83-BC18-06EB1FAB96CD}"
EndProject
Global
	GlobalSection(SolutionConfigurationPlatforms) = preSolution
		Debug|Any CPU = Debug|Any CPU
		Release|Any CPU = Release|Any CPU
	EndGlobalSection
	GlobalSection(ProjectConfigurationPlatforms) = postSolution
		{50C46617-EDA2-4D83-BC18-06EB1FAB96CD}.Debug|Any CPU.ActiveCfg = Debug|Any CPU
		{50C46617-EDA2-4D83-BC18-06EB1FAB96CD}.Debug|Any CPU.Build.0 = Debug|Any CPU
		{50C46617-EDA2-4D83-BC18-06EB1FAB96CD}.Release|Any CPU.ActiveCfg = Release|Any CPU
		{50C46617-EDA2-4D83-BC18-06EB1FAB96CD}.Release|Any CPU.Build.0 = Release|Any CPU
	EndGlobalSection
	GlobalSection(SolutionProperties) = preSolution
		HideSolutionNode = FALSE
	EndGlobalSection
	GlobalSection(ExtensibilityGlobals) = postSolution
		SolutionGuid = {4E1160BC-99B0-43C3-9054-2C83A820CEBA}
	EndGlobalSection
EndGlobal
